
Microsoft Visual Studio Solution File, Format Version 10.00
# Visual C# Express 2008
Project("{FAE04EC0-301F-11D3-BF4B-00C04F79EFBC}") = "UrunYonetcisi", "UrunYonetcisi\UrunYonetcisi.csproj", "{CD92C7BE-39CB-4850-960D-335A22F1D350}"
EndProject
Global
	GlobalSection(SolutionConfigurationPlatforms) = preSolution
		Debug|Any CPU = Debug|Any CPU
		Release|Any CPU = Release|Any CPU
	EndGlobalSection
	GlobalSection(ProjectConfigurationPlatforms) = postSolution
		{CD92C7BE-39CB-4850-960D-335A22F1D350}.Debug|Any CPU.ActiveCfg = Debug|Any CPU
		{CD92C7BE-39CB-4850-960D-335A22F1D350}.Debug|Any CPU.Build.0 = Debug|Any CPU
		{CD92C7BE-39CB-4850-960D-335A22F1D350}.Release|Any CPU.ActiveCfg = Release|Any CPU
		{CD92C7BE-39CB-4850-960D-335A22F1D350}.Release|Any CPU.Build.0 = Release|Any CPU
	EndGlobalSection
	GlobalSection(SolutionProperties) = preSolution
		HideSolutionNode = FALSE
	EndGlobalSection
EndGlobal
